
Microsoft Visual Studio Solution File, Format Version 12.00
# Visual Studio Version 17
VisualStudioVersion = 17.10.35004.147
MinimumVisualStudioVersion = 10.0.40219.1
Project("{9A19103F-16F7-4668-BE54-9A1E7A4F7556}") = "DomainLayer", "DomainLayer\DomainLayer.csproj", "{6F2363A9-1624-4DB6-B48A-71DB61B68F93}"
EndProject
Project("{9A19103F-16F7-4668-BE54-9A1E7A4F7556}") = "Infrastructure", "Infrastructure\Infrastructure.csproj", "{B3F606FD-05E4-4441-96A6-AEA77928C32A}"
EndProject
Project("{9A19103F-16F7-4668-BE54-9A1E7A4F7556}") = "ApplicationLayer", "ApplicationLayer\ApplicationLayer.csproj", "{760F94C1-4682-4B3A-89BF-1A9908B6EAC5}"
EndProject
Project("{FAE04EC0-301F-11D3-BF4B-00C04F79EFBC}") = "UILayer", "UILayer\UILayer.csproj", "{88770924-AF39-469C-BB07-CFC8711403D6}"
EndProject
Global
	GlobalSection(SolutionConfigurationPlatforms) = preSolution
		Debug|Any CPU = Debug|Any CPU
		Release|Any CPU = Release|Any CPU
	EndGlobalSection
	GlobalSection(ProjectConfigurationPlatforms) = postSolution
		{6F2363A9-1624-4DB6-B48A-71DB61B68F93}.Debug|Any CPU.ActiveCfg = Debug|Any CPU
		{6F2363A9-1624-4DB6-B48A-71DB61B68F93}.Debug|Any CPU.Build.0 = Debug|Any CPU
		{6F2363A9-1624-4DB6-B48A-71DB61B68F93}.Release|Any CPU.ActiveCfg = Release|Any CPU
		{6F2363A9-1624-4DB6-B48A-71DB61B68F93}.Release|Any CPU.Build.0 = Release|Any CPU
		{B3F606FD-05E4-4441-96A6-AEA77928C32A}.Debug|Any CPU.ActiveCfg = Debug|Any CPU
		{B3F606FD-05E4-4441-96A6-AEA77928C32A}.Debug|Any CPU.Build.0 = Debug|Any CPU
		{B3F606FD-05E4-4441-96A6-AEA77928C32A}.Release|Any CPU.ActiveCfg = Release|Any CPU
		{B3F606FD-05E4-4441-96A6-AEA77928C32A}.Release|Any CPU.Build.0 = Release|Any CPU
		{760F94C1-4682-4B3A-89BF-1A9908B6EAC5}.Debug|Any CPU.ActiveCfg = Debug|Any CPU
		{760F94C1-4682-4B3A-89BF-1A9908B6EAC5}.Debug|Any CPU.Build.0 = Debug|Any CPU
		{760F94C1-4682-4B3A-89BF-1A9908B6EAC5}.Release|Any CPU.ActiveCfg = Release|Any CPU
		{760F94C1-4682-4B3A-89BF-1A9908B6EAC5}.Release|Any CPU.Build.0 = Release|Any CPU
		{88770924-AF39-469C-BB07-CFC8711403D6}.Debug|Any CPU.ActiveCfg = Debug|Any CPU
		{88770924-AF39-469C-BB07-CFC8711403D6}.Debug|Any CPU.Build.0 = Debug|Any CPU
		{88770924-AF39-469C-BB07-CFC8711403D6}.Release|Any CPU.ActiveCfg = Release|Any CPU
		{88770924-AF39-469C-BB07-CFC8711403D6}.Release|Any CPU.Build.0 = Release|Any CPU
	EndGlobalSection
	GlobalSection(SolutionProperties) = preSolution
		HideSolutionNode = FALSE
	EndGlobalSection
	GlobalSection(ExtensibilityGlobals) = postSolution
		SolutionGuid = {72EF72FA-C73D-4E4E-B4CE-0F77327400C9}
	EndGlobalSection
EndGlobal
